PODS:
  - Alamofire (4.9.1)
  - Onboarding (0.1.0):
    - Alamofire (~> 4.0)

DEPENDENCIES:
  - Onboarding (from `../`)

SPEC REPOS:
  trunk:
    - Alamofire

EXTERNAL SOURCES:
  Onboarding:
    :path: "../"

SPEC CHECKSUMS:
  Alamofire: 85e8a02c69d6020a0d734f6054870d7ecb75cf18
  Onboarding: 4bd14fc3f712274e3f9a2f0b109debf1e87d036f

PODFILE CHECKSUM: b1c757796e26008180e3301629c8a107529fc3e0

COCOAPODS: 1.10.1
